// !$*UTF8*$!
{
	archiveVersion = 1;
	classes = {
	};
	objectVersion = 46;
	objects = {

/* Begin PBXBuildFile section */
		97A2DEAF1E8DDC5C00A8CF3C /* AppDelegate.swift in Sources */ = {isa = PBXBuildFile; fileRef = 97A2DEAE1E8DDC5C00A8CF3C /* AppDelegate.swift */; };
		97A2DEB41E8DDC5C00A8CF3C /* Main.storyboard in Resources */ = {isa = PBXBuildFile; fileRef = 97A2DEB21E8DDC5C00A8CF3C /* Main.storyboard */; };
		97A2DEB71E8DDC5C00A8CF3C /* CCGApp.xcdatamodeld in Sources */ = {isa = PBXBuildFile; fileRef = 97A2DEB51E8DDC5C00A8CF3C /* CCGApp.xcdatamodeld */; };
		97A2DEB91E8DDC5C00A8CF3C /* Assets.xcassets in Resources */ = {isa = PBXBuildFile; fileRef = 97A2DEB81E8DDC5C00A8CF3C /* Assets.xcassets */; };
		97A2DEBC1E8DDC5C00A8CF3C /* LaunchScreen.storyboard in Resources */ = {isa = PBXBuildFile; fileRef = 97A2DEBA1E8DDC5C00A8CF3C /* LaunchScreen.storyboard */; };
		97A2DEC71E8DDC5C00A8CF3C /* CCGAppTests.swift in Sources */ = {isa = PBXBuildFile; fileRef = 97A2DEC61E8DDC5C00A8CF3C /* CCGAppTests.swift */; };
		97A2DED21E8DDC5C00A8CF3C /* CCGAppUITests.swift in Sources */ = {isa = PBXBuildFile; fileRef = 97A2DED11E8DDC5C00A8CF3C /* CCGAppUITests.swift */; };
		97A2DEE11E8FE7FB00A8CF3C /* News.swift in Sources */ = {isa = PBXBuildFile; fileRef = 97A2DEE01E8FE7FB00A8CF3C /* News.swift */; };
		97A2DEE41E8FEC0200A8CF3C /* News.storyboard in Resources */ = {isa = PBXBuildFile; fileRef = 97A2DEE31E8FEC0200A8CF3C /* News.storyboard */; };
		97A2DEE61E8FEEA100A8CF3C /* NewsTableViewController.swift in Sources */ = {isa = PBXBuildFile; fileRef = 97A2DEE51E8FEEA100A8CF3C /* NewsTableViewController.swift */; };
		97A2DEE91E8FF0B600A8CF3C /* FakeModel.swift in Sources */ = {isa = PBXBuildFile; fileRef = 97A2DEE81E8FF0B600A8CF3C /* FakeModel.swift */; };
		97A2DEEB1E8FFA6300A8CF3C /* NewsTableViewCell.swift in Sources */ = {isa = PBXBuildFile; fileRef = 97A2DEEA1E8FFA6300A8CF3C /* NewsTableViewCell.swift */; };
/* End PBXBuildFile section */

/* Begin PBXContainerItemProxy section */
		97A2DEC31E8DDC5C00A8CF3C /* PBXContainerItemProxy */ = {
			isa = PBXContainerItemProxy;
			containerPortal = 97A2DEA31E8DDC5B00A8CF3C /* Project object */;
			proxyType = 1;
			remoteGlobalIDString = 97A2DEAA1E8DDC5B00A8CF3C;
			remoteInfo = CCGApp;
		};
		97A2DECE1E8DDC5C00A8CF3C /* PBXContainerItemProxy */ = {
			isa = PBXContainerItemProxy;
			containerPortal = 97A2DEA31E8DDC5B00A8CF3C /* Project object */;
			proxyType = 1;
			remoteGlobalIDString = 97A2DEAA1E8DDC5B00A8CF3C;
			remoteInfo = CCGApp;
		};
/* End PBXContainerItemProxy section */

/* Begin PBXFileReference section */
		97A2DEAB1E8DDC5B00A8CF3C /* CCGApp.app */ = {isa = PBXFileReference; explicitFileType = wrapper.application; includeInIndex = 0; path = CCGApp.app; sourceTree = BUILT_PRODUCTS_DIR; };
		97A2DEAE1E8DDC5C00A8CF3C /* AppDelegate.swift */ = {isa = PBXFileReference; lastKnownFileType = sourcecode.swift; path = AppDelegate.swift; sourceTree = "<group>"; };
		97A2DEB31E8DDC5C00A8CF3C /* Base */ = {isa = PBXFileReference; lastKnownFileType = file.storyboard; name = Base; path = Base.lproj/Main.storyboard; sourceTree = "<group>"; };
		97A2DEB61E8DDC5C00A8CF3C /* CCGApp.xcdatamodel */ = {isa = PBXFileReference; lastKnownFileType = wrapper.xcdatamodel; path = CCGApp.xcdatamodel; sourceTree = "<group>"; };
		97A2DEB81E8DDC5C00A8CF3C /* Assets.xcassets */ = {isa = PBXFileReference; lastKnownFileType = folder.assetcatalog; path = Assets.xcassets; sourceTree = "<group>"; };
		97A2DEBB1E8DDC5C00A8CF3C /* Base */ = {isa = PBXFileReference; lastKnownFileType = file.storyboard; name = Base; path = Base.lproj/LaunchScreen.storyboard; sourceTree = "<group>"; };
		97A2DEBD1E8DDC5C00A8CF3C /* Info.plist */ = {isa = PBXFileReference; lastKnownFileType = text.plist.xml; path = Info.plist; sourceTree = "<group>"; };
		97A2DEC21E8DDC5C00A8CF3C /* CCGAppTests.xctest */ = {isa = PBXFileReference; explicitFileType = wrapper.cfbundle; includeInIndex = 0; path = CCGAppTests.xctest; sourceTree = BUILT_PRODUCTS_DIR; };
		97A2DEC61E8DDC5C00A8CF3C /* CCGAppTests.swift */ = {isa = PBXFileReference; lastKnownFileType = sourcecode.swift; path = CCGAppTests.swift; sourceTree = "<group>"; };
		97A2DEC81E8DDC5C00A8CF3C /* Info.plist */ = {isa = PBXFileReference; lastKnownFileType = text.plist.xml; path = Info.plist; sourceTree = "<group>"; };
		97A2DECD1E8DDC5C00A8CF3C /* CCGAppUITests.xctest */ = {isa = PBXFileReference; explicitFileType = wrapper.cfbundle; includeInIndex = 0; path = CCGAppUITests.xctest; sourceTree = BUILT_PRODUCTS_DIR; };
		97A2DED11E8DDC5C00A8CF3C /* CCGAppUITests.swift */ = {isa = PBXFileReference; lastKnownFileType = sourcecode.swift; path = CCGAppUITests.swift; sourceTree = "<group>"; };
		97A2DED31E8DDC5C00A8CF3C /* Info.plist */ = {isa = PBXFileReference; lastKnownFileType = text.plist.xml; path = Info.plist; sourceTree = "<group>"; };
		97A2DEE01E8FE7FB00A8CF3C /* News.swift */ = {isa = PBXFileReference; fileEncoding = 4; lastKnownFileType = sourcecode.swift; path = News.swift; sourceTree = "<group>"; };
		97A2DEE31E8FEC0200A8CF3C /* News.storyboard */ = {isa = PBXFileReference; fileEncoding = 4; lastKnownFileType = file.storyboard; path = News.storyboard; sourceTree = "<group>"; };
		97A2DEE51E8FEEA100A8CF3C /* NewsTableViewController.swift */ = {isa = PBXFileReference; fileEncoding = 4; lastKnownFileType = sourcecode.swift; path = NewsTableViewController.swift; sourceTree = "<group>"; };
		97A2DEE81E8FF0B600A8CF3C /* FakeModel.swift */ = {isa = PBXFileReference; fileEncoding = 4; lastKnownFileType = sourcecode.swift; path = FakeModel.swift; sourceTree = "<group>"; };
		97A2DEEA1E8FFA6300A8CF3C /* NewsTableViewCell.swift */ = {isa = PBXFileReference; fileEncoding = 4; lastKnownFileType = sourcecode.swift; path = NewsTableViewCell.swift; sourceTree = "<group>"; };
/* End PBXFileReference section */

/* Begin PBXFrameworksBuildPhase section */
		97A2DEA81E8DDC5B00A8CF3C /* Frameworks */ = {
			isa = PBXFrameworksBuildPhase;
			buildActionMask = 2147483647;
			files = (
			);
			runOnlyForDeploymentPostprocessing = 0;
		};
		97A2DEBF1E8DDC5C00A8CF3C /* Frameworks */ = {
			isa = PBXFrameworksBuildPhase;
			buildActionMask = 2147483647;
			files = (
			);
			runOnlyForDeploymentPostprocessing = 0;
		};
		97A2DECA1E8DDC5C00A8CF3C /* Frameworks */ = {
			isa = PBXFrameworksBuildPhase;
			buildActionMask = 2147483647;
			files = (
			);
			runOnlyForDeploymentPostprocessing = 0;
		};
/* End PBXFrameworksBuildPhase section */

/* Begin PBXGroup section */
		97A2DEA21E8DDC5B00A8CF3C = {
			isa = PBXGroup;
			children = (
				97A2DEAD1E8DDC5B00A8CF3C /* CCGApp */,
				97A2DEE71E8FEFA800A8CF3C /* Supporting Files */,
				97A2DEC51E8DDC5C00A8CF3C /* CCGAppTests */,
				97A2DED01E8DDC5C00A8CF3C /* CCGAppUITests */,
				97A2DEAC1E8DDC5B00A8CF3C /* Products */,
			);
			sourceTree = "<group>";
		};
		97A2DEAC1E8DDC5B00A8CF3C /* Products */ = {
			isa = PBXGroup;
			children = (
				97A2DEAB1E8DDC5B00A8CF3C /* CCGApp.app */,
				97A2DEC21E8DDC5C00A8CF3C /* CCGAppTests.xctest */,
				97A2DECD1E8DDC5C00A8CF3C /* CCGAppUITests.xctest */,
			);
			name = Products;
			sourceTree = "<group>";
		};
		97A2DEAD1E8DDC5B00A8CF3C /* CCGApp */ = {
			isa = PBXGroup;
			children = (
				97A2DEE21E8FEB1A00A8CF3C /* News */,
				97A2DEDF1E8FE79900A8CF3C /* Models */,
			);
			path = CCGApp;
			sourceTree = "<group>";
		};
		97A2DEC51E8DDC5C00A8CF3C /* CCGAppTests */ = {
			isa = PBXGroup;
			children = (
				97A2DEC61E8DDC5C00A8CF3C /* CCGAppTests.swift */,
				97A2DEC81E8DDC5C00A8CF3C /* Info.plist */,
			);
			path = CCGAppTests;
			sourceTree = "<group>";
		};
		97A2DED01E8DDC5C00A8CF3C /* CCGAppUITests */ = {
			isa = PBXGroup;
			children = (
				97A2DED11E8DDC5C00A8CF3C /* CCGAppUITests.swift */,
				97A2DED31E8DDC5C00A8CF3C /* Info.plist */,
			);
			path = CCGAppUITests;
			sourceTree = "<group>";
		};
		97A2DEDF1E8FE79900A8CF3C /* Models */ = {
			isa = PBXGroup;
			children = (
				97A2DEE01E8FE7FB00A8CF3C /* News.swift */,
			);
			name = Models;
			sourceTree = "<group>";
		};
		97A2DEE21E8FEB1A00A8CF3C /* News */ = {
			isa = PBXGroup;
			children = (
				97A2DEE31E8FEC0200A8CF3C /* News.storyboard */,
				97A2DEE51E8FEEA100A8CF3C /* NewsTableViewController.swift */,
				97A2DEEA1E8FFA6300A8CF3C /* NewsTableViewCell.swift */,
			);
			name = News;
			sourceTree = "<group>";
		};
		97A2DEE71E8FEFA800A8CF3C /* Supporting Files */ = {
			isa = PBXGroup;
			children = (
				97A2DEE81E8FF0B600A8CF3C /* FakeModel.swift */,
				97A2DEB21E8DDC5C00A8CF3C /* Main.storyboard */,
				97A2DEAE1E8DDC5C00A8CF3C /* AppDelegate.swift */,
				97A2DEB81E8DDC5C00A8CF3C /* Assets.xcassets */,
				97A2DEBA1E8DDC5C00A8CF3C /* LaunchScreen.storyboard */,
				97A2DEB51E8DDC5C00A8CF3C /* CCGApp.xcdatamodeld */,
				97A2DEBD1E8DDC5C00A8CF3C /* Info.plist */,
			);
			name = "Supporting Files";
			path = CCGApp;
			sourceTree = "<group>";
		};
/* End PBXGroup section */

/* Begin PBXNativeTarget section */
		97A2DEAA1E8DDC5B00A8CF3C /* CCGApp */ = {
			isa = PBXNativeTarget;
			buildConfigurationList = 97A2DED61E8DDC5C00A8CF3C /* Build configuration list for PBXNativeTarget "CCGApp" */;
			buildPhases = (
				97A2DEA71E8DDC5B00A8CF3C /* Sources */,
				97A2DEA81E8DDC5B00A8CF3C /* Frameworks */,
				97A2DEA91E8DDC5B00A8CF3C /* Resources */,
			);
			buildRules = (
			);
			dependencies = (
			);
			name = CCGApp;
			productName = CCGApp;
			productReference = 97A2DEAB1E8DDC5B00A8CF3C /* CCGApp.app */;
			productType = "com.apple.product-type.application";
		};
		97A2DEC11E8DDC5C00A8CF3C /* CCGAppTests */ = {
			isa = PBXNativeTarget;
			buildConfigurationList = 97A2DED91E8DDC5C00A8CF3C /* Build configuration list for PBXNativeTarget "CCGAppTests" */;
			buildPhases = (
				97A2DEBE1E8DDC5C00A8CF3C /* Sources */,
				97A2DEBF1E8DDC5C00A8CF3C /* Frameworks */,
				97A2DEC01E8DDC5C00A8CF3C /* Resources */,
			);
			buildRules = (
			);
			dependencies = (
				97A2DEC41E8DDC5C00A8CF3C /* PBXTargetDependency */,
			);
			name = CCGAppTests;
			productName = CCGAppTests;
			productReference = 97A2DEC21E8DDC5C00A8CF3C /* CCGAppTests.xctest */;
			productType = "com.apple.product-type.bundle.unit-test";
		};
		97A2DECC1E8DDC5C00A8CF3C /* CCGAppUITests */ = {
			isa = PBXNativeTarget;
			buildConfigurationList = 97A2DEDC1E8DDC5C00A8CF3C /* Build configuration list for PBXNativeTarget "CCGAppUITests" */;
			buildPhases = (
				97A2DEC91E8DDC5C00A8CF3C /* Sources */,
				97A2DECA1E8DDC5C00A8CF3C /* Frameworks */,
				97A2DECB1E8DDC5C00A8CF3C /* Resources */,
			);
			buildRules = (
			);
			dependencies = (
				97A2DECF1E8DDC5C00A8CF3C /* PBXTargetDependency */,
			);
			name = CCGAppUITests;
			productName = CCGAppUITests;
			productReference = 97A2DECD1E8DDC5C00A8CF3C /* CCGAppUITests.xctest */;
			productType = "com.apple.product-type.bundle.ui-testing";
		};
/* End PBXNativeTarget section */

/* Begin PBXProject section */
		97A2DEA31E8DDC5B00A8CF3C /* Project object */ = {
			isa = PBXProject;
			attributes = {
				LastSwiftUpdateCheck = 0820;
				LastUpgradeCheck = 0820;
				ORGANIZATIONNAME = "Matheus Nishi";
				TargetAttributes = {
					97A2DEAA1E8DDC5B00A8CF3C = {
						CreatedOnToolsVersion = 8.2.1;
						DevelopmentTeam = 93MGMB6KY5;
						ProvisioningStyle = Automatic;
					};
					97A2DEC11E8DDC5C00A8CF3C = {
						CreatedOnToolsVersion = 8.2.1;
						DevelopmentTeam = 93MGMB6KY5;
						ProvisioningStyle = Automatic;
						TestTargetID = 97A2DEAA1E8DDC5B00A8CF3C;
					};
					97A2DECC1E8DDC5C00A8CF3C = {
						CreatedOnToolsVersion = 8.2.1;
						DevelopmentTeam = 93MGMB6KY5;
						ProvisioningStyle = Automatic;
						TestTargetID = 97A2DEAA1E8DDC5B00A8CF3C;
					};
				};
			};
			buildConfigurationList = 97A2DEA61E8DDC5B00A8CF3C /* Build configuration list for PBXProject "CCGApp" */;
			compatibilityVersion = "Xcode 3.2";
			developmentRegion = English;
			hasScannedForEncodings = 0;
			knownRegions = (
				en,
				Base,
			);
			mainGroup = 97A2DEA21E8DDC5B00A8CF3C;
			productRefGroup = 97A2DEAC1E8DDC5B00A8CF3C /* Products */;
			projectDirPath = "";
			projectRoot = "";
			targets = (
				97A2DEAA1E8DDC5B00A8CF3C /* CCGApp */,
				97A2DEC11E8DDC5C00A8CF3C /* CCGAppTests */,
				97A2DECC1E8DDC5C00A8CF3C /* CCGAppUITests */,
			);
		};
/* End PBXProject section */

/* Begin PBXResourcesBuildPhase section */
		97A2DEA91E8DDC5B00A8CF3C /* Resources */ = {
			isa = PBXResourcesBuildPhase;
			buildActionMask = 2147483647;
			files = (
				97A2DEBC1E8DDC5C00A8CF3C /* LaunchScreen.storyboard in Resources */,
				97A2DEB91E8DDC5C00A8CF3C /* Assets.xcassets in Resources */,
				97A2DEB41E8DDC5C00A8CF3C /* Main.storyboard in Resources */,
				97A2DEE41E8FEC0200A8CF3C /* News.storyboard in Resources */,
			);
			runOnlyForDeploymentPostprocessing = 0;
		};
		97A2DEC01E8DDC5C00A8CF3C /* Resources */ = {
			isa = PBXResourcesBuildPhase;
			buildActionMask = 2147483647;
			files = (
			);
			runOnlyForDeploymentPostprocessing = 0;
		};
		97A2DECB1E8DDC5C00A8CF3C /* Resources */ = {
			isa = PBXResourcesBuildPhase;
			buildActionMask = 2147483647;
			files = (
			);
			runOnlyForDeploymentPostprocessing = 0;
		};
/* End PBXResourcesBuildPhase section */

/* Begin PBXSourcesBuildPhase section */
		97A2DEA71E8DDC5B00A8CF3C /* Sources */ = {
			isa = PBXSourcesBuildPhase;
			buildActionMask = 2147483647;
			files = (
				97A2DEE61E8FEEA100A8CF3C /* NewsTableViewController.swift in Sources */,
				97A2DEAF1E8DDC5C00A8CF3C /* AppDelegate.swift in Sources */,
				97A2DEEB1E8FFA6300A8CF3C /* NewsTableViewCell.swift in Sources */,
				97A2DEE11E8FE7FB00A8CF3C /* News.swift in Sources */,
				97A2DEE91E8FF0B600A8CF3C /* FakeModel.swift in Sources */,
				97A2DEB71E8DDC5C00A8CF3C /* CCGApp.xcdatamodeld in Sources */,
			);
			runOnlyForDeploymentPostprocessing = 0;
		};
		97A2DEBE1E8DDC5C00A8CF3C /* Sources */ = {
			isa = PBXSourcesBuildPhase;
			buildActionMask = 2147483647;
			files = (
				97A2DEC71E8DDC5C00A8CF3C /* CCGAppTests.swift in Sources */,
			);
			runOnlyForDeploymentPostprocessing = 0;
		};
		97A2DEC91E8DDC5C00A8CF3C /* Sources */ = {
			isa = PBXSourcesBuildPhase;
			buildActionMask = 2147483647;
			files = (
				97A2DED21E8DDC5C00A8CF3C /* CCGAppUITests.swift in Sources */,
			);
			runOnlyForDeploymentPostprocessing = 0;
		};
/* End PBXSourcesBuildPhase section */

/* Begin PBXTargetDependency section */
		97A2DEC41E8DDC5C00A8CF3C /* PBXTargetDependency */ = {
			isa = PBXTargetDependency;
			target = 97A2DEAA1E8DDC5B00A8CF3C /* CCGApp */;
			targetProxy = 97A2DEC31E8DDC5C00A8CF3C /* PBXContainerItemProxy */;
		};
		97A2DECF1E8DDC5C00A8CF3C /* PBXTargetDependency */ = {
			isa = PBXTargetDependency;
			target = 97A2DEAA1E8DDC5B00A8CF3C /* CCGApp */;
			targetProxy = 97A2DECE1E8DDC5C00A8CF3C /* PBXContainerItemProxy */;
		};
/* End PBXTargetDependency section */

/* Begin PBXVariantGroup section */
		97A2DEB21E8DDC5C00A8CF3C /* Main.storyboard */ = {
			isa = PBXVariantGroup;
			children = (
				97A2DEB31E8DDC5C00A8CF3C /* Base */,
			);
			name = Main.storyboard;
			sourceTree = "<group>";
		};
		97A2DEBA1E8DDC5C00A8CF3C /* LaunchScreen.storyboard */ = {
			isa = PBXVariantGroup;
			children = (
				97A2DEBB1E8DDC5C00A8CF3C /* Base */,
			);
			name = LaunchScreen.storyboard;
			sourceTree = "<group>";
		};
/* End PBXVariantGroup section */

/* Begin XCBuildConfiguration section */
		97A2DED41E8DDC5C00A8CF3C /* Debug */ = {
			isa = XCBuildConfiguration;
			buildSettings = {
				ALWAYS_SEARCH_USER_PATHS = NO;
				CLANG_ANALYZER_NONNULL = YES;
				CLANG_CXX_LANGUAGE_STANDARD = "gnu++0x";
				CLANG_CXX_LIBRARY = "libc++";
				CLANG_ENABLE_MODULES = YES;
				CLANG_ENABLE_OBJC_ARC = YES;
				CLANG_WARN_BOOL_CONVERSION = YES;
				CLANG_WARN_CONSTANT_CONVERSION = YES;
				CLANG_WARN_DIRECT_OBJC_ISA_USAGE = YES_ERROR;
				CLANG_WARN_DOCUMENTATION_COMMENTS = YES;
				CLANG_WARN_EMPTY_BODY = YES;
				CLANG_WARN_ENUM_CONVERSION = YES;
				CLANG_WARN_INFINITE_RECURSION = YES;
				CLANG_WARN_INT_CONVERSION = YES;
				CLANG_WARN_OBJC_ROOT_CLASS = YES_ERROR;
				CLANG_WARN_SUSPICIOUS_MOVE = YES;
				CLANG_WARN_UNREACHABLE_CODE = YES;
				CLANG_WARN__DUPLICATE_METHOD_MATCH = YES;
				"CODE_SIGN_IDENTITY[sdk=iphoneos*]" = "iPhone Developer";
				COPY_PHASE_STRIP = NO;
				DEBUG_INFORMATION_FORMAT = dwarf;
				ENABLE_STRICT_OBJC_MSGSEND = YES;
				ENABLE_TESTABILITY = YES;
				GCC_C_LANGUAGE_STANDARD = gnu99;
				GCC_DYNAMIC_NO_PIC = NO;
				GCC_NO_COMMON_BLOCKS = YES;
				GCC_OPTIMIZATION_LEVEL = 0;
				GCC_PREPROCESSOR_DEFINITIONS = (
					"DEBUG=1",
					"$(inherited)",
				);
				GCC_WARN_64_TO_32_BIT_CONVERSION = YES;
				GCC_WARN_ABOUT_RETURN_TYPE = YES_ERROR;
				GCC_WARN_UNDECLARED_SELECTOR = YES;
				GCC_WARN_UNINITIALIZED_AUTOS = YES_AGGRESSIVE;
				GCC_WARN_UNUSED_FUNCTION = YES;
				GCC_WARN_UNUSED_VARIABLE = YES;
				IPHONEOS_DEPLOYMENT_TARGET = 10.2;
				MTL_ENABLE_DEBUG_INFO = YES;
				ONLY_ACTIVE_ARCH = YES;
				SDKROOT = iphoneos;
				SWIFT_ACTIVE_COMPILATION_CONDITIONS = DEBUG;
				SWIFT_OPTIMIZATION_LEVEL = "-Onone";
				TARGETED_DEVICE_FAMILY = "1,2";
			};
			name = Debug;
		};
		97A2DED51E8DDC5C00A8CF3C /* Release */ = {
			isa = XCBuildConfiguration;
			buildSettings = {
				ALWAYS_SEARCH_USER_PATHS = NO;
				CLANG_ANALYZER_NONNULL = YES;
				CLANG_CXX_LANGUAGE_STANDARD = "gnu++0x";
				CLANG_CXX_LIBRARY = "libc++";
				CLANG_ENABLE_MODULES = YES;
				CLANG_ENABLE_OBJC_ARC = YES;
				CLANG_WARN_BOOL_CONVERSION = YES;
				CLANG_WARN_CONSTANT_CONVERSION = YES;
				CLANG_WARN_DIRECT_OBJC_ISA_USAGE = YES_ERROR;
				CLANG_WARN_DOCUMENTATION_COMMENTS = YES;
				CLANG_WARN_EMPTY_BODY = YES;
				CLANG_WARN_ENUM_CONVERSION = YES;
				CLANG_WARN_INFINITE_RECURSION = YES;
				CLANG_WARN_INT_CONVERSION = YES;
				CLANG_WARN_OBJC_ROOT_CLASS = YES_ERROR;
				CLANG_WARN_SUSPICIOUS_MOVE = YES;
				CLANG_WARN_UNREACHABLE_CODE = YES;
				CLANG_WARN__DUPLICATE_METHOD_MATCH = YES;
				"CODE_SIGN_IDENTITY[sdk=iphoneos*]" = "iPhone Developer";
				COPY_PHASE_STRIP = NO;
				DEBUG_INFORMATION_FORMAT = "dwarf-with-dsym";
				ENABLE_NS_ASSERTIONS = NO;
				ENABLE_STRICT_OBJC_MSGSEND = YES;
				GCC_C_LANGUAGE_STANDARD = gnu99;
				GCC_NO_COMMON_BLOCKS = YES;
				GCC_WARN_64_TO_32_BIT_CONVERSION = YES;
				GCC_WARN_ABOUT_RETURN_TYPE = YES_ERROR;
				GCC_WARN_UNDECLARED_SELECTOR = YES;
				GCC_WARN_UNINITIALIZED_AUTOS = YES_AGGRESSIVE;
				GCC_WARN_UNUSED_FUNCTION = YES;
				GCC_WARN_UNUSED_VARIABLE = YES;
				IPHONEOS_DEPLOYMENT_TARGET = 10.2;
				MTL_ENABLE_DEBUG_INFO = NO;
				SDKROOT = iphoneos;
				SWIFT_OPTIMIZATION_LEVEL = "-Owholemodule";
				TARGETED_DEVICE_FAMILY = "1,2";
				VALIDATE_PRODUCT = YES;
			};
			name = Release;
		};
		97A2DED71E8DDC5C00A8CF3C /* Debug */ = {
			isa = XCBuildConfiguration;
			buildSettings = {
				ASSETCATALOG_COMPILER_APPICON_NAME = AppIcon;
				DEVELOPMENT_TEAM = 93MGMB6KY5;
				INFOPLIST_FILE = CCGApp/Info.plist;
				LD_RUNPATH_SEARCH_PATHS = "$(inherited) @executable_path/Frameworks";
				PRODUCT_BUNDLE_IDENTIFIER = Nishi.CCGApp;
				PRODUCT_NAME = "$(TARGET_NAME)";
				SWIFT_VERSION = 3.0;
			};
			name = Debug;
		};
		97A2DED81E8DDC5C00A8CF3C /* Release */ = {
			isa = XCBuildConfiguration;
			buildSettings = {
				ASSETCATALOG_COMPILER_APPICON_NAME = AppIcon;
				DEVELOPMENT_TEAM = 93MGMB6KY5;
				INFOPLIST_FILE = CCGApp/Info.plist;
				LD_RUNPATH_SEARCH_PATHS = "$(inherited) @executable_path/Frameworks";
				PRODUCT_BUNDLE_IDENTIFIER = Nishi.CCGApp;
				PRODUCT_NAME = "$(TARGET_NAME)";
				SWIFT_VERSION = 3.0;
			};
			name = Release;
		};
		97A2DEDA1E8DDC5C00A8CF3C /* Debug */ = {
			isa = XCBuildConfiguration;
			buildSettings = {
				ALWAYS_EMBED_SWIFT_STANDARD_LIBRARIES = YES;
				BUNDLE_LOADER = "$(TEST_HOST)";
				DEVELOPMENT_TEAM = 93MGMB6KY5;
				INFOPLIST_FILE = CCGAppTests/Info.plist;
				LD_RUNPATH_SEARCH_PATHS = "$(inherited) @executable_path/Frameworks @loader_path/Frameworks";
				PRODUCT_BUNDLE_IDENTIFIER = Nishi.CCGAppTests;
				PRODUCT_NAME = "$(TARGET_NAME)";
				SWIFT_VERSION = 3.0;
				TEST_HOST = "$(BUILT_PRODUCTS_DIR)/CCGApp.app/CCGApp";
			};
			name = Debug;
		};
		97A2DEDB1E8DDC5C00A8CF3C /* Release */ = {
			isa = XCBuildConfiguration;
			buildSettings = {
				ALWAYS_EMBED_SWIFT_STANDARD_LIBRARIES = YES;
				BUNDLE_LOADER = "$(TEST_HOST)";
				DEVELOPMENT_TEAM = 93MGMB6KY5;
				INFOPLIST_FILE = CCGAppTests/Info.plist;
				LD_RUNPATH_SEARCH_PATHS = "$(inherited) @executable_path/Frameworks @loader_path/Frameworks";
				PRODUCT_BUNDLE_IDENTIFIER = Nishi.CCGAppTests;
				PRODUCT_NAME = "$(TARGET_NAME)";
				SWIFT_VERSION = 3.0;
				TEST_HOST = "$(BUILT_PRODUCTS_DIR)/CCGApp.app/CCGApp";
			};
			name = Release;
		};
		97A2DEDD1E8DDC5C00A8CF3C /* Debug */ = {
			isa = XCBuildConfiguration;
			buildSettings = {
				ALWAYS_EMBED_SWIFT_STANDARD_LIBRARIES = YES;
				DEVELOPMENT_TEAM = 93MGMB6KY5;
				INFOPLIST_FILE = CCGAppUITests/Info.plist;
				LD_RUNPATH_SEARCH_PATHS = "$(inherited) @executable_path/Frameworks @loader_path/Frameworks";
				PRODUCT_BUNDLE_IDENTIFIER = Nishi.CCGAppUITests;
				PRODUCT_NAME = "$(TARGET_NAME)";
				SWIFT_VERSION = 3.0;
				TEST_TARGET_NAME = CCGApp;
			};
			name = Debug;
		};
		97A2DEDE1E8DDC5C00A8CF3C /* Release */ = {
			isa = XCBuildConfiguration;
			buildSettings = {
				ALWAYS_EMBED_SWIFT_STANDARD_LIBRARIES = YES;
				DEVELOPMENT_TEAM = 93MGMB6KY5;
				INFOPLIST_FILE = CCGAppUITests/Info.plist;
				LD_RUNPATH_SEARCH_PATHS = "$(inherited) @executable_path/Frameworks @loader_path/Frameworks";
				PRODUCT_BUNDLE_IDENTIFIER = Nishi.CCGAppUITests;
				PRODUCT_NAME = "$(TARGET_NAME)";
				SWIFT_VERSION = 3.0;
				TEST_TARGET_NAME = CCGApp;
			};
			name = Release;
		};
/* End XCBuildConfiguration section */

/* Begin XCConfigurationList section */
		97A2DEA61E8DDC5B00A8CF3C /* Build configuration list for PBXProject "CCGApp" */ = {
			isa = XCConfigurationList;
			buildConfigurations = (
				97A2DED41E8DDC5C00A8CF3C /* Debug */,
				97A2DED51E8DDC5C00A8CF3C /* Release */,
			);
			defaultConfigurationIsVisible = 0;
			defaultConfigurationName = Release;
		};
		97A2DED61E8DDC5C00A8CF3C /* Build configuration list for PBXNativeTarget "CCGApp" */ = {
			isa = XCConfigurationList;
			buildConfigurations = (
				97A2DED71E8DDC5C00A8CF3C /* Debug */,
				97A2DED81E8DDC5C00A8CF3C /* Release */,
			);
			defaultConfigurationIsVisible = 0;
			defaultConfigurationName = Release;
		};
		97A2DED91E8DDC5C00A8CF3C /* Build configuration list for PBXNativeTarget "CCGAppTests" */ = {
			isa = XCConfigurationList;
			buildConfigurations = (
				97A2DEDA1E8DDC5C00A8CF3C /* Debug */,
				97A2DEDB1E8DDC5C00A8CF3C /* Release */,
			);
			defaultConfigurationIsVisible = 0;
			defaultConfigurationName = Release;
		};
		97A2DEDC1E8DDC5C00A8CF3C /* Build configuration list for PBXNativeTarget "CCGAppUITests" */ = {
			isa = XCConfigurationList;
			buildConfigurations = (
				97A2DEDD1E8DDC5C00A8CF3C /* Debug */,
				97A2DEDE1E8DDC5C00A8CF3C /* Release */,
			);
			defaultConfigurationIsVisible = 0;
			defaultConfigurationName = Release;
		};
/* End XCConfigurationList section */

/* Begin XCVersionGroup section */
		97A2DEB51E8DDC5C00A8CF3C /* CCGApp.xcdatamodeld */ = {
			isa = XCVersionGroup;
			children = (
				97A2DEB61E8DDC5C00A8CF3C /* CCGApp.xcdatamodel */,
			);
			currentVersion = 97A2DEB61E8DDC5C00A8CF3C /* CCGApp.xcdatamodel */;
			path = CCGApp.xcdatamodeld;
			sourceTree = "<group>";
			versionGroupType = wrapper.xcdatamodel;
		};
/* End XCVersionGroup section */
	};
	rootObject = 97A2DEA31E8DDC5B00A8CF3C /* Project object */;
}
